
Microsoft Visual Studio Solution File, Format Version 12.00
# Visual Studio Version 17
VisualStudioVersion = 17.5.002.0
MinimumVisualStudioVersion = 10.0.40219.1
Project("{9A19103F-16F7-4668-BE54-9A1E7A4F7556}") = "Chip8", "Chip8.csproj", "{A3BDBBEC-E61B-439B-9D08-74BE6FF7E1FF}"
EndProject
Project("{8BC9CEB8-8B4A-11D0-8D11-00A0C91BC942}") = "SDL3", "..\..\vendored\SDL\VisualC\SDL\SDL.vcxproj", "{81CE8DAF-EBB2-4761-8E45-B71ABCCA8C68}"
EndProject
Project("{FAE04EC0-301F-11D3-BF4B-00C04F79EFBC}") = "SDL3.Core", "..\..\vendored\SDL3-CS\SDL3\SDL3.Core.csproj", "{24554A0A-72EA-7B22-E616-8974977F7EAE}"
EndProject
Global
	GlobalSection(SolutionConfigurationPlatforms) = preSolution
		Debug|Any CPU = Debug|Any CPU
		Debug|x64 = Debug|x64
		Debug|x86 = Debug|x86
		Release|Any CPU = Release|Any CPU
		Release|x64 = Release|x64
		Release|x86 = Release|x86
	EndGlobalSection
	GlobalSection(ProjectConfigurationPlatforms) = postSolution
		{A3BDBBEC-E61B-439B-9D08-74BE6FF7E1FF}.Debug|Any CPU.ActiveCfg = Debug|Any CPU
		{A3BDBBEC-E61B-439B-9D08-74BE6FF7E1FF}.Debug|Any CPU.Build.0 = Debug|Any CPU
		{A3BDBBEC-E61B-439B-9D08-74BE6FF7E1FF}.Debug|x64.ActiveCfg = Debug|Any CPU
		{A3BDBBEC-E61B-439B-9D08-74BE6FF7E1FF}.Debug|x64.Build.0 = Debug|Any CPU
		{A3BDBBEC-E61B-439B-9D08-74BE6FF7E1FF}.Debug|x86.ActiveCfg = Debug|Any CPU
		{A3BDBBEC-E61B-439B-9D08-74BE6FF7E1FF}.Debug|x86.Build.0 = Debug|Any CPU
		{A3BDBBEC-E61B-439B-9D08-74BE6FF7E1FF}.Release|Any CPU.ActiveCfg = Release|Any CPU
		{A3BDBBEC-E61B-439B-9D08-74BE6FF7E1FF}.Release|Any CPU.Build.0 = Release|Any CPU
		{A3BDBBEC-E61B-439B-9D08-74BE6FF7E1FF}.Release|x64.ActiveCfg = Release|Any CPU
		{A3BDBBEC-E61B-439B-9D08-74BE6FF7E1FF}.Release|x64.Build.0 = Release|Any CPU
		{A3BDBBEC-E61B-439B-9D08-74BE6FF7E1FF}.Release|x86.ActiveCfg = Release|Any CPU
		{A3BDBBEC-E61B-439B-9D08-74BE6FF7E1FF}.Release|x86.Build.0 = Release|Any CPU
		{81CE8DAF-EBB2-4761-8E45-B71ABCCA8C68}.Debug|Any CPU.ActiveCfg = Debug|x64
		{81CE8DAF-EBB2-4761-8E45-B71ABCCA8C68}.Debug|Any CPU.Build.0 = Debug|x64
		{81CE8DAF-EBB2-4761-8E45-B71ABCCA8C68}.Debug|x64.ActiveCfg = Debug|x64
		{81CE8DAF-EBB2-4761-8E45-B71ABCCA8C68}.Debug|x64.Build.0 = Debug|x64
		{81CE8DAF-EBB2-4761-8E45-B71ABCCA8C68}.Debug|x86.ActiveCfg = Debug|Win32
		{81CE8DAF-EBB2-4761-8E45-B71ABCCA8C68}.Debug|x86.Build.0 = Debug|Win32
		{81CE8DAF-EBB2-4761-8E45-B71ABCCA8C68}.Release|Any CPU.ActiveCfg = Release|x64
		{81CE8DAF-EBB2-4761-8E45-B71ABCCA8C68}.Release|Any CPU.Build.0 = Release|x64
		{81CE8DAF-EBB2-4761-8E45-B71ABCCA8C68}.Release|x64.ActiveCfg = Release|x64
		{81CE8DAF-EBB2-4761-8E45-B71ABCCA8C68}.Release|x64.Build.0 = Release|x64
		{81CE8DAF-EBB2-4761-8E45-B71ABCCA8C68}.Release|x86.ActiveCfg = Release|Win32
		{81CE8DAF-EBB2-4761-8E45-B71ABCCA8C68}.Release|x86.Build.0 = Release|Win32
		{24554A0A-72EA-7B22-E616-8974977F7EAE}.Debug|Any CPU.ActiveCfg = Debug|Any CPU
		{24554A0A-72EA-7B22-E616-8974977F7EAE}.Debug|Any CPU.Build.0 = Debug|Any CPU
		{24554A0A-72EA-7B22-E616-8974977F7EAE}.Debug|x64.ActiveCfg = Debug|Any CPU
		{24554A0A-72EA-7B22-E616-8974977F7EAE}.Debug|x64.Build.0 = Debug|Any CPU
		{24554A0A-72EA-7B22-E616-8974977F7EAE}.Debug|x86.ActiveCfg = Debug|Any CPU
		{24554A0A-72EA-7B22-E616-8974977F7EAE}.Debug|x86.Build.0 = Debug|Any CPU
		{24554A0A-72EA-7B22-E616-8974977F7EAE}.Release|Any CPU.ActiveCfg = Release|Any CPU
		{24554A0A-72EA-7B22-E616-8974977F7EAE}.Release|Any CPU.Build.0 = Release|Any CPU
		{24554A0A-72EA-7B22-E616-8974977F7EAE}.Release|x64.ActiveCfg = Release|Any CPU
		{24554A0A-72EA-7B22-E616-8974977F7EAE}.Release|x64.Build.0 = Release|Any CPU
		{24554A0A-72EA-7B22-E616-8974977F7EAE}.Release|x86.ActiveCfg = Release|Any CPU
		{24554A0A-72EA-7B22-E616-8974977F7EAE}.Release|x86.Build.0 = Release|Any CPU
	EndGlobalSection
	GlobalSection(SolutionProperties) = preSolution
		HideSolutionNode = FALSE
	EndGlobalSection
	GlobalSection(ExtensibilityGlobals) = postSolution
		SolutionGuid = {28770CD5-F957-4C37-8C62-8BC54BA4759B}
	EndGlobalSection
EndGlobal
